
Microsoft Visual Studio Solution File, Format Version 12.00
# Visual Studio Version 16
VisualStudioVersion = 16.0.30225.117
MinimumVisualStudioVersion = 10.0.40219.1
Project("{FAE04EC0-301F-11D3-BF4B-00C04F79EFBC}") = "AppDeve", "AppDeve\AppDeve.csproj", "{732F1347-F0D9-4D55-8677-2266BA5A0F02}"
EndProject
Global
	GlobalSection(SolutionConfigurationPlatforms) = preSolution
		Debug|Any CPU = Debug|Any CPU
		Release|Any CPU = Release|Any CPU
	EndGlobalSection
	GlobalSection(ProjectConfigurationPlatforms) = postSolution
		{732F1347-F0D9-4D55-8677-2266BA5A0F02}.Debug|Any CPU.ActiveCfg = Debug|Any CPU
		{732F1347-F0D9-4D55-8677-2266BA5A0F02}.Debug|Any CPU.Build.0 = Debug|Any CPU
		{732F1347-F0D9-4D55-8677-2266BA5A0F02}.Release|Any CPU.ActiveCfg = Release|Any CPU
		{732F1347-F0D9-4D55-8677-2266BA5A0F02}.Release|Any CPU.Build.0 = Release|Any CPU
	EndGlobalSection
	GlobalSection(SolutionProperties) = preSolution
		HideSolutionNode = FALSE
	EndGlobalSection
	GlobalSection(ExtensibilityGlobals) = postSolution
		SolutionGuid = {5B73DAB9-373C-4D62-867D-E1A2DA7490D1}
	EndGlobalSection
EndGlobal
